
Microsoft Visual Studio Solution File, Format Version 12.00
# Visual Studio Version 17
VisualStudioVersion = 17.6.33815.320
MinimumVisualStudioVersion = 10.0.40219.1
Project("{FAE04EC0-301F-11D3-BF4B-00C04F79EFBC}") = "Lab6", "Lab6.csproj", "{3203A387-6CA0-4C70-A481-7DCD58797668}"
EndProject
Global
	GlobalSection(SolutionConfigurationPlatforms) = preSolution
		Debug|Any CPU = Debug|Any CPU
		Release|Any CPU = Release|Any CPU
	EndGlobalSection
	GlobalSection(ProjectConfigurationPlatforms) = postSolution
		{3203A387-6CA0-4C70-A481-7DCD58797668}.Debug|Any CPU.ActiveCfg = Debug|Any CPU
		{3203A387-6CA0-4C70-A481-7DCD58797668}.Debug|Any CPU.Build.0 = Debug|Any CPU
		{3203A387-6CA0-4C70-A481-7DCD58797668}.Release|Any CPU.ActiveCfg = Release|Any CPU
		{3203A387-6CA0-4C70-A481-7DCD58797668}.Release|Any CPU.Build.0 = Release|Any CPU
	EndGlobalSection
	GlobalSection(SolutionProperties) = preSolution
		HideSolutionNode = FALSE
	EndGlobalSection
	GlobalSection(ExtensibilityGlobals) = postSolution
		SolutionGuid = {443F55F8-2494-4B23-B19C-E91CFF3D0773}
	EndGlobalSection
EndGlobal
